
Microsoft Visual Studio Solution File, Format Version 12.00
# Visual Studio 14
VisualStudioVersion = 14.0.25420.1
MinimumVisualStudioVersion = 10.0.40219.1
Project("{FAE04EC0-301F-11D3-BF4B-00C04F79EFBC}") = "BookStoreService", "BookStoreService\BookStoreService.csproj", "{71CAECD5-D012-4A7E-8560-34AB097B9721}"
EndProject
Project("{FAE04EC0-301F-11D3-BF4B-00C04F79EFBC}") = "BookStoreServiceTest", "BookStoreServiceTest\BookStoreServiceTest.csproj", "{1608F166-DD6D-4AA6-A6A4-DCD636C36962}"
EndProject
Project("{2150E333-8FDC-42A3-9474-1A3956D46DE8}") = "Solution Items", "Solution Items", "{E9DAECD9-30B9-42D9-A851-86B6F54E3001}"
EndProject
Project("{FAE04EC0-301F-11D3-BF4B-00C04F79EFBC}") = "Book_Purchase_service", "Book_Purchase_service\Book_Purchase_service.csproj", "{3AAA18F1-5011-4AFD-9716-7310E38BB774}"
	ProjectSection(ProjectDependencies) = postProject
		{71CAECD5-D012-4A7E-8560-34AB097B9721} = {71CAECD5-D012-4A7E-8560-34AB097B9721}
	EndProjectSection
EndProject
Project("{FAE04EC0-301F-11D3-BF4B-00C04F79EFBC}") = "BookStoreApp", "BookStoreApp\BookStoreApp.csproj", "{74BEE6A3-F1B7-4CED-9A97-A6C3DB9B3923}"
	ProjectSection(ProjectDependencies) = postProject
		{71CAECD5-D012-4A7E-8560-34AB097B9721} = {71CAECD5-D012-4A7E-8560-34AB097B9721}
		{3AAA18F1-5011-4AFD-9716-7310E38BB774} = {3AAA18F1-5011-4AFD-9716-7310E38BB774}
	EndProjectSection
EndProject
Global
	GlobalSection(SolutionConfigurationPlatforms) = preSolution
		Debug|Any CPU = Debug|Any CPU
		Release|Any CPU = Release|Any CPU
	EndGlobalSection
	GlobalSection(ProjectConfigurationPlatforms) = postSolution
		{71CAECD5-D012-4A7E-8560-34AB097B9721}.Debug|Any CPU.ActiveCfg = Debug|Any CPU
		{71CAECD5-D012-4A7E-8560-34AB097B9721}.Debug|Any CPU.Build.0 = Debug|Any CPU
		{71CAECD5-D012-4A7E-8560-34AB097B9721}.Release|Any CPU.ActiveCfg = Release|Any CPU
		{71CAECD5-D012-4A7E-8560-34AB097B9721}.Release|Any CPU.Build.0 = Release|Any CPU
		{1608F166-DD6D-4AA6-A6A4-DCD636C36962}.Debug|Any CPU.ActiveCfg = Debug|Any CPU
		{1608F166-DD6D-4AA6-A6A4-DCD636C36962}.Debug|Any CPU.Build.0 = Debug|Any CPU
		{1608F166-DD6D-4AA6-A6A4-DCD636C36962}.Release|Any CPU.ActiveCfg = Release|Any CPU
		{1608F166-DD6D-4AA6-A6A4-DCD636C36962}.Release|Any CPU.Build.0 = Release|Any CPU
		{3AAA18F1-5011-4AFD-9716-7310E38BB774}.Debug|Any CPU.ActiveCfg = Debug|Any CPU
		{3AAA18F1-5011-4AFD-9716-7310E38BB774}.Debug|Any CPU.Build.0 = Debug|Any CPU
		{3AAA18F1-5011-4AFD-9716-7310E38BB774}.Release|Any CPU.ActiveCfg = Release|Any CPU
		{3AAA18F1-5011-4AFD-9716-7310E38BB774}.Release|Any CPU.Build.0 = Release|Any CPU
		{74BEE6A3-F1B7-4CED-9A97-A6C3DB9B3923}.Debug|Any CPU.ActiveCfg = Debug|Any CPU
		{74BEE6A3-F1B7-4CED-9A97-A6C3DB9B3923}.Debug|Any CPU.Build.0 = Debug|Any CPU
		{74BEE6A3-F1B7-4CED-9A97-A6C3DB9B3923}.Release|Any CPU.ActiveCfg = Release|Any CPU
		{74BEE6A3-F1B7-4CED-9A97-A6C3DB9B3923}.Release|Any CPU.Build.0 = Release|Any CPU
	EndGlobalSection
	GlobalSection(SolutionProperties) = preSolution
		HideSolutionNode = FALSE
	EndGlobalSection
EndGlobal
